// !$*UTF8*$!
{
	archiveVersion = 1;
	classes = {
	};
	objectVersion = 46;
	objects = {

/* Begin PBXBuildFile section */
		303DE18F1EA78E82001BC6EE /* main.swift in Sources */ = {isa = PBXBuildFile; fileRef = 303DE18E1EA78E82001BC6EE /* main.swift */; };
		303DE1971EA78F08001BC6EE /* UserInputUtilities.swift in Sources */ = {isa = PBXBuildFile; fileRef = 303DE1961EA78F08001BC6EE /* UserInputUtilities.swift */; };
		303DE1991EA78F78001BC6EE /* Player.swift in Sources */ = {isa = PBXBuildFile; fileRef = 303DE1981EA78F77001BC6EE /* Player.swift */; };
		303DE19B1EA78F82001BC6EE /* Monster.swift in Sources */ = {isa = PBXBuildFile; fileRef = 303DE19A1EA78F82001BC6EE /* Monster.swift */; };
/* End PBXBuildFile section */

/* Begin PBXCopyFilesBuildPhase section */
		303DE1891EA78E82001BC6EE /* CopyFiles */ = {
			isa = PBXCopyFilesBuildPhase;
			buildActionMask = 2147483647;
			dstPath = /usr/share/man/man1/;
			dstSubfolderSpec = 0;
			files = (
			);
			runOnlyForDeploymentPostprocessing = 1;
		};
/* End PBXCopyFilesBuildPhase section */

/* Begin PBXFileReference section */
		303DE18B1EA78E82001BC6EE /* ChooseYourOwnAdventure */ = {isa = PBXFileReference; explicitFileType = "compiled.mach-o.executable"; includeInIndex = 0; path = ChooseYourOwnAdventure; sourceTree = BUILT_PRODUCTS_DIR; };
		303DE18E1EA78E82001BC6EE /* main.swift */ = {isa = PBXFileReference; lastKnownFileType = sourcecode.swift; path = main.swift; sourceTree = "<group>"; };
		303DE1961EA78F08001BC6EE /* UserInputUtilities.swift */ = {isa = PBXFileReference; fileEncoding = 4; lastKnownFileType = sourcecode.swift; name = UserInputUtilities.swift; path = ../UserInputUtilities.swift; sourceTree = "<group>"; };
		303DE1981EA78F77001BC6EE /* Player.swift */ = {isa = PBXFileReference; fileEncoding = 4; lastKnownFileType = sourcecode.swift; path = Player.swift; sourceTree = "<group>"; };
		303DE19A1EA78F82001BC6EE /* Monster.swift */ = {isa = PBXFileReference; fileEncoding = 4; lastKnownFileType = sourcecode.swift; path = Monster.swift; sourceTree = "<group>"; };
/* End PBXFileReference section */

/* Begin PBXFrameworksBuildPhase section */
		303DE1881EA78E82001BC6EE /* Frameworks */ = {
			isa = PBXFrameworksBuildPhase;
			buildActionMask = 2147483647;
			files = (
			);
			runOnlyForDeploymentPostprocessing = 0;
		};
/* End PBXFrameworksBuildPhase section */

/* Begin PBXGroup section */
		303DE1821EA78E82001BC6EE = {
			isa = PBXGroup;
			children = (
				303DE18D1EA78E82001BC6EE /* ChooseYourOwnAdventure */,
				303DE18C1EA78E82001BC6EE /* Products */,
			);
			sourceTree = "<group>";
		};
		303DE18C1EA78E82001BC6EE /* Products */ = {
			isa = PBXGroup;
			children = (
				303DE18B1EA78E82001BC6EE /* ChooseYourOwnAdventure */,
			);
			name = Products;
			sourceTree = "<group>";
		};
		303DE18D1EA78E82001BC6EE /* ChooseYourOwnAdventure */ = {
			isa = PBXGroup;
			children = (
				303DE18E1EA78E82001BC6EE /* main.swift */,
				303DE1961EA78F08001BC6EE /* UserInputUtilities.swift */,
				303DE1981EA78F77001BC6EE /* Player.swift */,
				303DE19A1EA78F82001BC6EE /* Monster.swift */,
			);
			path = ChooseYourOwnAdventure;
			sourceTree = "<group>";
		};
/* End PBXGroup section */

/* Begin PBXNativeTarget section */
		303DE18A1EA78E82001BC6EE /* ChooseYourOwnAdventure */ = {
			isa = PBXNativeTarget;
			buildConfigurationList = 303DE1921EA78E82001BC6EE /* Build configuration list for PBXNativeTarget "ChooseYourOwnAdventure" */;
			buildPhases = (
				303DE1871EA78E82001BC6EE /* Sources */,
				303DE1881EA78E82001BC6EE /* Frameworks */,
				303DE1891EA78E82001BC6EE /* CopyFiles */,
			);
			buildRules = (
			);
			dependencies = (
			);
			name = ChooseYourOwnAdventure;
			productName = ChooseYourOwnAdventure;
			productReference = 303DE18B1EA78E82001BC6EE /* ChooseYourOwnAdventure */;
			productType = "com.apple.product-type.tool";
		};
/* End PBXNativeTarget section */

/* Begin PBXProject section */
		303DE1831EA78E82001BC6EE /* Project object */ = {
			isa = PBXProject;
			attributes = {
				LastSwiftUpdateCheck = 0830;
				LastUpgradeCheck = 0830;
				ORGANIZATIONNAME = "Tennant Shaw";
				TargetAttributes = {
					303DE18A1EA78E82001BC6EE = {
						CreatedOnToolsVersion = 8.3;
						ProvisioningStyle = Automatic;
					};
				};
			};
			buildConfigurationList = 303DE1861EA78E82001BC6EE /* Build configuration list for PBXProject "ChooseYourOwnAdventure" */;
			compatibilityVersion = "Xcode 3.2";
			developmentRegion = English;
			hasScannedForEncodings = 0;
			knownRegions = (
				en,
			);
			mainGroup = 303DE1821EA78E82001BC6EE;
			productRefGroup = 303DE18C1EA78E82001BC6EE /* Products */;
			projectDirPath = "";
			projectRoot = "";
			targets = (
				303DE18A1EA78E82001BC6EE /* ChooseYourOwnAdventure */,
			);
		};
/* End PBXProject section */

/* Begin PBXSourcesBuildPhase section */
		303DE1871EA78E82001BC6EE /* Sources */ = {
			isa = PBXSourcesBuildPhase;
			buildActionMask = 2147483647;
			files = (
				303DE19B1EA78F82001BC6EE /* Monster.swift in Sources */,
				303DE1971EA78F08001BC6EE /* UserInputUtilities.swift in Sources */,
				303DE1991EA78F78001BC6EE /* Player.swift in Sources */,
				303DE18F1EA78E82001BC6EE /* main.swift in Sources */,
			);
			runOnlyForDeploymentPostprocessing = 0;
		};
/* End PBXSourcesBuildPhase section */

/* Begin XCBuildConfiguration section */
		303DE1901EA78E82001BC6EE /* Debug */ = {
			isa = XCBuildConfiguration;
			buildSettings = {
				ALWAYS_SEARCH_USER_PATHS = NO;
				CLANG_ANALYZER_NONNULL = YES;
				CLANG_ANALYZER_NUMBER_OBJECT_CONVERSION = YES_AGGRESSIVE;
				CLANG_CXX_LANGUAGE_STANDARD = "gnu++0x";
				CLANG_CXX_LIBRARY = "libc++";
				CLANG_ENABLE_MODULES = YES;
				CLANG_ENABLE_OBJC_ARC = YES;
				CLANG_WARN_BOOL_CONVERSION = YES;
				CLANG_WARN_CONSTANT_CONVERSION = YES;
				CLANG_WARN_DIRECT_OBJC_ISA_USAGE = YES_ERROR;
				CLANG_WARN_DOCUMENTATION_COMMENTS = YES;
				CLANG_WARN_EMPTY_BODY = YES;
				CLANG_WARN_ENUM_CONVERSION = YES;
				CLANG_WARN_INFINITE_RECURSION = YES;
				CLANG_WARN_INT_CONVERSION = YES;
				CLANG_WARN_OBJC_ROOT_CLASS = YES_ERROR;
				CLANG_WARN_SUSPICIOUS_MOVE = YES;
				CLANG_WARN_UNREACHABLE_CODE = YES;
				CLANG_WARN__DUPLICATE_METHOD_MATCH = YES;
				CODE_SIGN_IDENTITY = "-";
				COPY_PHASE_STRIP = NO;
				DEBUG_INFORMATION_FORMAT = dwarf;
				ENABLE_STRICT_OBJC_MSGSEND = YES;
				ENABLE_TESTABILITY = YES;
				GCC_C_LANGUAGE_STANDARD = gnu99;
				GCC_DYNAMIC_NO_PIC = NO;
				GCC_NO_COMMON_BLOCKS = YES;
				GCC_OPTIMIZATION_LEVEL = 0;
				GCC_PREPROCESSOR_DEFINITIONS = (
					"DEBUG=1",
					"$(inherited)",
				);
				GCC_WARN_64_TO_32_BIT_CONVERSION = YES;
				GCC_WARN_ABOUT_RETURN_TYPE = YES_ERROR;
				GCC_WARN_UNDECLARED_SELECTOR = YES;
				GCC_WARN_UNINITIALIZED_AUTOS = YES_AGGRESSIVE;
				GCC_WARN_UNUSED_FUNCTION = YES;
				GCC_WARN_UNUSED_VARIABLE = YES;
				MACOSX_DEPLOYMENT_TARGET = 10.12;
				MTL_ENABLE_DEBUG_INFO = YES;
				ONLY_ACTIVE_ARCH = YES;
				SDKROOT = macosx;
				SWIFT_OPTIMIZATION_LEVEL = "-Onone";
			};
			name = Debug;
		};
		303DE1911EA78E82001BC6EE /* Release */ = {
			isa = XCBuildConfiguration;
			buildSettings = {
				ALWAYS_SEARCH_USER_PATHS = NO;
				CLANG_ANALYZER_NONNULL = YES;
				CLANG_ANALYZER_NUMBER_OBJECT_CONVERSION = YES_AGGRESSIVE;
				CLANG_CXX_LANGUAGE_STANDARD = "gnu++0x";
				CLANG_CXX_LIBRARY = "libc++";
				CLANG_ENABLE_MODULES = YES;
				CLANG_ENABLE_OBJC_ARC = YES;
				CLANG_WARN_BOOL_CONVERSION = YES;
				CLANG_WARN_CONSTANT_CONVERSION = YES;
				CLANG_WARN_DIRECT_OBJC_ISA_USAGE = YES_ERROR;
				CLANG_WARN_DOCUMENTATION_COMMENTS = YES;
				CLANG_WARN_EMPTY_BODY = YES;
				CLANG_WARN_ENUM_CONVERSION = YES;
				CLANG_WARN_INFINITE_RECURSION = YES;
				CLANG_WARN_INT_CONVERSION = YES;
				CLANG_WARN_OBJC_ROOT_CLASS = YES_ERROR;
				CLANG_WARN_SUSPICIOUS_MOVE = YES;
				CLANG_WARN_UNREACHABLE_CODE = YES;
				CLANG_WARN__DUPLICATE_METHOD_MATCH = YES;
				CODE_SIGN_IDENTITY = "-";
				COPY_PHASE_STRIP = NO;
				DEBUG_INFORMATION_FORMAT = "dwarf-with-dsym";
				ENABLE_NS_ASSERTIONS = NO;
				ENABLE_STRICT_OBJC_MSGSEND = YES;
				GCC_C_LANGUAGE_STANDARD = gnu99;
				GCC_NO_COMMON_BLOCKS = YES;
				GCC_WARN_64_TO_32_BIT_CONVERSION = YES;
				GCC_WARN_ABOUT_RETURN_TYPE = YES_ERROR;
				GCC_WARN_UNDECLARED_SELECTOR = YES;
				GCC_WARN_UNINITIALIZED_AUTOS = YES_AGGRESSIVE;
				GCC_WARN_UNUSED_FUNCTION = YES;
				GCC_WARN_UNUSED_VARIABLE = YES;
				MACOSX_DEPLOYMENT_TARGET = 10.12;
				MTL_ENABLE_DEBUG_INFO = NO;
				SDKROOT = macosx;
			};
			name = Release;
		};
		303DE1931EA78E82001BC6EE /* Debug */ = {
			isa = XCBuildConfiguration;
			buildSettings = {
				PRODUCT_NAME = "$(TARGET_NAME)";
				SWIFT_VERSION = 3.0;
			};
			name = Debug;
		};
		303DE1941EA78E82001BC6EE /* Release */ = {
			isa = XCBuildConfiguration;
			buildSettings = {
				PRODUCT_NAME = "$(TARGET_NAME)";
				SWIFT_VERSION = 3.0;
			};
			name = Release;
		};
/* End XCBuildConfiguration section */

/* Begin XCConfigurationList section */
		303DE1861EA78E82001BC6EE /* Build configuration list for PBXProject "ChooseYourOwnAdventure" */ = {
			isa = XCConfigurationList;
			buildConfigurations = (
				303DE1901EA78E82001BC6EE /* Debug */,
				303DE1911EA78E82001BC6EE /* Release */,
			);
			defaultConfigurationIsVisible = 0;
			defaultConfigurationName = Release;
		};
		303DE1921EA78E82001BC6EE /* Build configuration list for PBXNativeTarget "ChooseYourOwnAdventure" */ = {
			isa = XCConfigurationList;
			buildConfigurations = (
				303DE1931EA78E82001BC6EE /* Debug */,
				303DE1941EA78E82001BC6EE /* Release */,
			);
			defaultConfigurationIsVisible = 0;
		};
/* End XCConfigurationList section */
	};
	rootObject = 303DE1831EA78E82001BC6EE /* Project object */;
}
